
Microsoft Visual Studio Solution File, Format Version 12.00
# Visual Studio 15
VisualStudioVersion = 15.0.27703.2035
MinimumVisualStudioVersion = 10.0.40219.1
Project("{FAE04EC0-301F-11D3-BF4B-00C04F79EFBC}") = "BasicDockerApp", "BasicDockerApp\BasicDockerApp.csproj", "{5A93D126-16B3-499F-8838-C3FF2AFF4BCB}"
EndProject
Project("{E53339B2-1760-4266-BCC7-CA923CBCF16C}") = "docker-compose", "docker-compose.dcproj", "{6EA9A7EE-1EFA-46B4-A772-421BDF153E0B}"
EndProject
Global
	GlobalSection(SolutionConfigurationPlatforms) = preSolution
		Debug|Any CPU = Debug|Any CPU
		Release|Any CPU = Release|Any CPU
	EndGlobalSection
	GlobalSection(ProjectConfigurationPlatforms) = postSolution
		{5A93D126-16B3-499F-8838-C3FF2AFF4BCB}.Debug|Any CPU.ActiveCfg = Debug|Any CPU
		{5A93D126-16B3-499F-8838-C3FF2AFF4BCB}.Debug|Any CPU.Build.0 = Debug|Any CPU
		{5A93D126-16B3-499F-8838-C3FF2AFF4BCB}.Release|Any CPU.ActiveCfg = Release|Any CPU
		{5A93D126-16B3-499F-8838-C3FF2AFF4BCB}.Release|Any CPU.Build.0 = Release|Any CPU
		{6EA9A7EE-1EFA-46B4-A772-421BDF153E0B}.Debug|Any CPU.ActiveCfg = Debug|Any CPU
		{6EA9A7EE-1EFA-46B4-A772-421BDF153E0B}.Debug|Any CPU.Build.0 = Debug|Any CPU
		{6EA9A7EE-1EFA-46B4-A772-421BDF153E0B}.Release|Any CPU.ActiveCfg = Release|Any CPU
		{6EA9A7EE-1EFA-46B4-A772-421BDF153E0B}.Release|Any CPU.Build.0 = Release|Any CPU
	EndGlobalSection
	GlobalSection(SolutionProperties) = preSolution
		HideSolutionNode = FALSE
	EndGlobalSection
	GlobalSection(ExtensibilityGlobals) = postSolution
		SolutionGuid = {C5BA84E9-1573-46F7-8273-A445CCC682DC}
	EndGlobalSection
EndGlobal
